speakeasyVersion: 1.799.0
sources:
    Dwolla API:
        sourceNamespace: dwolla-api
        sourceRevisionDigest: sha256:9586eae04d5d0bd135a77671497aabdbc9283eed0b8012a0cbe875afc2d36ceb
        sourceBlobDigest: sha256:e80b5ec810c99bd6c03e9ce75326f24fc596f6a5a8c1a3543e96d3612fd0835c
        tags:
            - latest
            - "2.0"
targets:
    dwolla:
        source: Dwolla API
        sourceNamespace: dwolla-api
        sourceRevisionDigest: sha256:9586eae04d5d0bd135a77671497aabdbc9283eed0b8012a0cbe875afc2d36ceb
        sourceBlobDigest: sha256:e80b5ec810c99bd6c03e9ce75326f24fc596f6a5a8c1a3543e96d3612fd0835c
        codeSamplesNamespace: dwolla-api-php-code-samples
        codeSamplesRevisionDigest: sha256:f172630a79332e96d4547b1e9bbfc54c80c4808bf6c8a94e5c04b17ef0baa03b
workflow:
    workflowVersion: 1.0.0
    speakeasyVersion: latest
    sources:
        Dwolla API:
            inputs:
                - location: https://raw.githubusercontent.com/Dwolla/dwolla-openapi/refs/heads/main/openapi.yml
            overlays:
                - location: ./.speakeasy/overlay.yaml
            output: .speakeasy/out.openapi.yaml
            registry:
                location: registry.speakeasyapi.dev/dwolla/dwolla/dwolla-api
    targets:
        dwolla:
            target: php
            source: Dwolla API
            publish:
                packagist:
                    username: $packagist_username
                    token: $packagist_token
            codeSamples:
                registry:
                    location: registry.speakeasyapi.dev/dwolla/dwolla/dwolla-api-php-code-samples
                labelOverride:
                    fixedValue: Php (SDK)
                blocking: false
