speakeasyVersion: 1.691.0
sources:
    Dwolla API:
        sourceNamespace: dwolla-api
        sourceRevisionDigest: sha256:2d1a59af9b39cbd8b1daeb57f598bd8f557cfa4dc1024630744b68a29701005e
        sourceBlobDigest: sha256:4b0439f06717d3926f158c442a5d8b52a026b941424bfe5357180b37ef06a03c
        tags:
            - latest
            - "2.0"
targets:
    dwolla:
        source: Dwolla API
        sourceNamespace: dwolla-api
        sourceRevisionDigest: sha256:2d1a59af9b39cbd8b1daeb57f598bd8f557cfa4dc1024630744b68a29701005e
        sourceBlobDigest: sha256:4b0439f06717d3926f158c442a5d8b52a026b941424bfe5357180b37ef06a03c
        codeSamplesNamespace: dwolla-api-php-code-samples
        codeSamplesRevisionDigest: sha256:4015661ef905fec0c98d0db91ca19485c037a53228e5571c28d7b029240c54cb
workflow:
    workflowVersion: 1.0.0
    speakeasyVersion: latest
    sources:
        Dwolla API:
            inputs:
                - location: https://raw.githubusercontent.com/Dwolla/dwolla-openapi/refs/heads/main/openapi.yml
            overlays:
                - location: ./.speakeasy/overlay.yaml
            output: .speakeasy/out.openapi.yaml
            registry:
                location: registry.speakeasyapi.dev/dwolla/dwolla/dwolla-api
    targets:
        dwolla:
            target: php
            source: Dwolla API
            publish:
                packagist:
                    username: $packagist_username
                    token: $packagist_token
            codeSamples:
                registry:
                    location: registry.speakeasyapi.dev/dwolla/dwolla/dwolla-api-php-code-samples
                labelOverride:
                    fixedValue: Php (SDK)
                blocking: false
